github.com/abdul-local/go-say-hello v1.0.0 h1:5KcqB3dI7F1i+nkjBaLJEYNuZXUqRTtWNUFLHZ09VMo=
github.com/abdul-local/go-say-hello v1.0.0/go.mod h1:iK4H2jxzv7vIQojGfcwRP8d3igCbKa5tmW+ui57HyDw=
github.com/abdul-local/go-say-hello v1.5.0 h1:g83AojZ8eWcy7Rx07Wyyg4kgY0l98R+M2oLOP2V+wwk=
github.com/abdul-local/go-say-hello v1.5.0/go.mod h1:iK4H2jxzv7vIQojGfcwRP8d3igCbKa5tmW+ui57HyDw=
github.com/abdul-local/go-say-hello/v2 v2.0.0 h1:6XK66U4rFrH0Mby8yD2XcwKJQ1EpPb6xNDBS0zssOBU=
github.com/abdul-local/go-say-hello/v2 v2.0.0/go.mod h1:6NzZqAN2TV5UTcLnqcdBfM/Wi8uzwuTmzgPa5ow/Kpk=
